// !$*UTF8*$!
{
	archiveVersion = 1;
	classes = {
	};
	objectVersion = 46;
	objects = {

/* Begin PBXBuildFile section */
		C2529B8B1F38C272003C818C /* AppDelegate.swift in Sources */ = {isa = PBXBuildFile; fileRef = C2529B8A1F38C272003C818C /* AppDelegate.swift */; };
		C2529B8D1F38C272003C818C /* ViewController.swift in Sources */ = {isa = PBXBuildFile; fileRef = C2529B8C1F38C272003C818C /* ViewController.swift */; };
		C2529B901F38C272003C818C /* Main.storyboard in Resources */ = {isa = PBXBuildFile; fileRef = C2529B8E1F38C272003C818C /* Main.storyboard */; };
		C2529B921F38C272003C818C /* Assets.xcassets in Resources */ = {isa = PBXBuildFile; fileRef = C2529B911F38C272003C818C /* Assets.xcassets */; };
		C2529B951F38C272003C818C /* LaunchScreen.storyboard in Resources */ = {isa = PBXBuildFile; fileRef = C2529B931F38C272003C818C /* LaunchScreen.storyboard */; };
		C2529B9D1F38C49C003C818C /* pokemon.csv in Resources */ = {isa = PBXBuildFile; fileRef = C2529B9C1F38C49C003C818C /* pokemon.csv */; };
		C2529BA11F38C52C003C818C /* Pokemon.swift in Sources */ = {isa = PBXBuildFile; fileRef = C2529BA01F38C52C003C818C /* Pokemon.swift */; };
		C2529BA41F38CAA0003C818C /* PokeCell.swift in Sources */ = {isa = PBXBuildFile; fileRef = C2529BA31F38CAA0003C818C /* PokeCell.swift */; };
		C2529BA61F38D19C003C818C /* csv.swift in Sources */ = {isa = PBXBuildFile; fileRef = C2529BA51F38D19C003C818C /* csv.swift */; };
/* End PBXBuildFile section */

/* Begin PBXFileReference section */
		C2529B871F38C272003C818C /* pokedex.app */ = {isa = PBXFileReference; explicitFileType = wrapper.application; includeInIndex = 0; path = pokedex.app; sourceTree = BUILT_PRODUCTS_DIR; };
		C2529B8A1F38C272003C818C /* AppDelegate.swift */ = {isa = PBXFileReference; lastKnownFileType = sourcecode.swift; path = AppDelegate.swift; sourceTree = "<group>"; };
		C2529B8C1F38C272003C818C /* ViewController.swift */ = {isa = PBXFileReference; lastKnownFileType = sourcecode.swift; path = ViewController.swift; sourceTree = "<group>"; };
		C2529B8F1F38C272003C818C /* Base */ = {isa = PBXFileReference; lastKnownFileType = file.storyboard; name = Base; path = Base.lproj/Main.storyboard; sourceTree = "<group>"; };
		C2529B911F38C272003C818C /* Assets.xcassets */ = {isa = PBXFileReference; lastKnownFileType = folder.assetcatalog; path = Assets.xcassets; sourceTree = "<group>"; };
		C2529B941F38C272003C818C /* Base */ = {isa = PBXFileReference; lastKnownFileType = file.storyboard; name = Base; path = Base.lproj/LaunchScreen.storyboard; sourceTree = "<group>"; };
		C2529B961F38C272003C818C /* Info.plist */ = {isa = PBXFileReference; lastKnownFileType = text.plist.xml; path = Info.plist; sourceTree = "<group>"; };
		C2529B9C1F38C49C003C818C /* pokemon.csv */ = {isa = PBXFileReference; fileEncoding = 4; lastKnownFileType = text; path = pokemon.csv; sourceTree = "<group>"; };
		C2529BA01F38C52C003C818C /* Pokemon.swift */ = {isa = PBXFileReference; fileEncoding = 4; lastKnownFileType = sourcecode.swift; path = Pokemon.swift; sourceTree = "<group>"; };
		C2529BA31F38CAA0003C818C /* PokeCell.swift */ = {isa = PBXFileReference; fileEncoding = 4; lastKnownFileType = sourcecode.swift; path = PokeCell.swift; sourceTree = "<group>"; };
		C2529BA51F38D19C003C818C /* csv.swift */ = {isa = PBXFileReference; fileEncoding = 4; lastKnownFileType = sourcecode.swift; path = csv.swift; sourceTree = "<group>"; };
/* End PBXFileReference section */

/* Begin PBXFrameworksBuildPhase section */
		C2529B841F38C272003C818C /* Frameworks */ = {
			isa = PBXFrameworksBuildPhase;
			buildActionMask = 2147483647;
			files = (
			);
			runOnlyForDeploymentPostprocessing = 0;
		};
/* End PBXFrameworksBuildPhase section */

/* Begin PBXGroup section */
		C2529B7E1F38C272003C818C = {
			isa = PBXGroup;
			children = (
				C2529B891F38C272003C818C /* pokedex */,
				C2529B881F38C272003C818C /* Products */,
			);
			sourceTree = "<group>";
		};
		C2529B881F38C272003C818C /* Products */ = {
			isa = PBXGroup;
			children = (
				C2529B871F38C272003C818C /* pokedex.app */,
			);
			name = Products;
			sourceTree = "<group>";
		};
		C2529B891F38C272003C818C /* pokedex */ = {
			isa = PBXGroup;
			children = (
				C2529BA21F38CA80003C818C /* View */,
				C2529B9F1F38C522003C818C /* Model */,
				C2529B9C1F38C49C003C818C /* pokemon.csv */,
				C2529B8A1F38C272003C818C /* AppDelegate.swift */,
				C2529B8C1F38C272003C818C /* ViewController.swift */,
				C2529BA51F38D19C003C818C /* csv.swift */,
				C2529B8E1F38C272003C818C /* Main.storyboard */,
				C2529B911F38C272003C818C /* Assets.xcassets */,
				C2529B931F38C272003C818C /* LaunchScreen.storyboard */,
				C2529B961F38C272003C818C /* Info.plist */,
			);
			path = pokedex;
			sourceTree = "<group>";
		};
		C2529B9F1F38C522003C818C /* Model */ = {
			isa = PBXGroup;
			children = (
				C2529BA01F38C52C003C818C /* Pokemon.swift */,
			);
			name = Model;
			sourceTree = "<group>";
		};
		C2529BA21F38CA80003C818C /* View */ = {
			isa = PBXGroup;
			children = (
				C2529BA31F38CAA0003C818C /* PokeCell.swift */,
			);
			name = View;
			sourceTree = "<group>";
		};
/* End PBXGroup section */

/* Begin PBXNativeTarget section */
		C2529B861F38C272003C818C /* pokedex */ = {
			isa = PBXNativeTarget;
			buildConfigurationList = C2529B991F38C272003C818C /* Build configuration list for PBXNativeTarget "pokedex" */;
			buildPhases = (
				C2529B831F38C272003C818C /* Sources */,
				C2529B841F38C272003C818C /* Frameworks */,
				C2529B851F38C272003C818C /* Resources */,
			);
			buildRules = (
			);
			dependencies = (
			);
			name = pokedex;
			productName = pokedex;
			productReference = C2529B871F38C272003C818C /* pokedex.app */;
			productType = "com.apple.product-type.application";
		};
/* End PBXNativeTarget section */

/* Begin PBXProject section */
		C2529B7F1F38C272003C818C /* Project object */ = {
			isa = PBXProject;
			attributes = {
				LastSwiftUpdateCheck = 0830;
				LastUpgradeCheck = 0830;
				ORGANIZATIONNAME = "Orangebox Technology LLC";
				TargetAttributes = {
					C2529B861F38C272003C818C = {
						CreatedOnToolsVersion = 8.3.3;
						DevelopmentTeam = EMLQBUZ6B7;
						LastSwiftMigration = 0830;
						ProvisioningStyle = Automatic;
					};
				};
			};
			buildConfigurationList = C2529B821F38C272003C818C /* Build configuration list for PBXProject "pokedex" */;
			compatibilityVersion = "Xcode 3.2";
			developmentRegion = English;
			hasScannedForEncodings = 0;
			knownRegions = (
				en,
				Base,
			);
			mainGroup = C2529B7E1F38C272003C818C;
			productRefGroup = C2529B881F38C272003C818C /* Products */;
			projectDirPath = "";
			projectRoot = "";
			targets = (
				C2529B861F38C272003C818C /* pokedex */,
			);
		};
/* End PBXProject section */

/* Begin PBXResourcesBuildPhase section */
		C2529B851F38C272003C818C /* Resources */ = {
			isa = PBXResourcesBuildPhase;
			buildActionMask = 2147483647;
			files = (
				C2529B951F38C272003C818C /* LaunchScreen.storyboard in Resources */,
				C2529B921F38C272003C818C /* Assets.xcassets in Resources */,
				C2529B9D1F38C49C003C818C /* pokemon.csv in Resources */,
				C2529B901F38C272003C818C /* Main.storyboard in Resources */,
			);
			runOnlyForDeploymentPostprocessing = 0;
		};
/* End PBXResourcesBuildPhase section */

/* Begin PBXSourcesBuildPhase section */
		C2529B831F38C272003C818C /* Sources */ = {
			isa = PBXSourcesBuildPhase;
			buildActionMask = 2147483647;
			files = (
				C2529BA41F38CAA0003C818C /* PokeCell.swift in Sources */,
				C2529B8D1F38C272003C818C /* ViewController.swift in Sources */,
				C2529B8B1F38C272003C818C /* AppDelegate.swift in Sources */,
				C2529BA11F38C52C003C818C /* Pokemon.swift in Sources */,
				C2529BA61F38D19C003C818C /* csv.swift in Sources */,
			);
			runOnlyForDeploymentPostprocessing = 0;
		};
/* End PBXSourcesBuildPhase section */

/* Begin PBXVariantGroup section */
		C2529B8E1F38C272003C818C /* Main.storyboard */ = {
			isa = PBXVariantGroup;
			children = (
				C2529B8F1F38C272003C818C /* Base */,
			);
			name = Main.storyboard;
			sourceTree = "<group>";
		};
		C2529B931F38C272003C818C /* LaunchScreen.storyboard */ = {
			isa = PBXVariantGroup;
			children = (
				C2529B941F38C272003C818C /* Base */,
			);
			name = LaunchScreen.storyboard;
			sourceTree = "<group>";
		};
/* End PBXVariantGroup section */

/* Begin XCBuildConfiguration section */
		C2529B971F38C272003C818C /* Debug */ = {
			isa = XCBuildConfiguration;
			buildSettings = {
				ALWAYS_SEARCH_USER_PATHS = NO;
				CLANG_ANALYZER_NONNULL = YES;
				CLANG_ANALYZER_NUMBER_OBJECT_CONVERSION = YES_AGGRESSIVE;
				CLANG_CXX_LANGUAGE_STANDARD = "gnu++0x";
				CLANG_CXX_LIBRARY = "libc++";
				CLANG_ENABLE_MODULES = YES;
				CLANG_ENABLE_OBJC_ARC = YES;
				CLANG_WARN_BOOL_CONVERSION = YES;
				CLANG_WARN_CONSTANT_CONVERSION = YES;
				CLANG_WARN_DIRECT_OBJC_ISA_USAGE = YES_ERROR;
				CLANG_WARN_DOCUMENTATION_COMMENTS = YES;
				CLANG_WARN_EMPTY_BODY = YES;
				CLANG_WARN_ENUM_CONVERSION = YES;
				CLANG_WARN_INFINITE_RECURSION = YES;
				CLANG_WARN_INT_CONVERSION = YES;
				CLANG_WARN_OBJC_ROOT_CLASS = YES_ERROR;
				CLANG_WARN_SUSPICIOUS_MOVE = YES;
				CLANG_WARN_UNREACHABLE_CODE = YES;
				CLANG_WARN__DUPLICATE_METHOD_MATCH = YES;
				"CODE_SIGN_IDENTITY[sdk=iphoneos*]" = "iPhone Developer";
				COPY_PHASE_STRIP = NO;
				DEBUG_INFORMATION_FORMAT = dwarf;
				ENABLE_STRICT_OBJC_MSGSEND = YES;
				ENABLE_TESTABILITY = YES;
				GCC_C_LANGUAGE_STANDARD = gnu99;
				GCC_DYNAMIC_NO_PIC = NO;
				GCC_NO_COMMON_BLOCKS = YES;
				GCC_OPTIMIZATION_LEVEL = 0;
				GCC_PREPROCESSOR_DEFINITIONS = (
					"DEBUG=1",
					"$(inherited)",
				);
				GCC_WARN_64_TO_32_BIT_CONVERSION = YES;
				GCC_WARN_ABOUT_RETURN_TYPE = YES_ERROR;
				GCC_WARN_UNDECLARED_SELECTOR = YES;
				GCC_WARN_UNINITIALIZED_AUTOS = YES_AGGRESSIVE;
				GCC_WARN_UNUSED_FUNCTION = YES;
				GCC_WARN_UNUSED_VARIABLE = YES;
				IPHONEOS_DEPLOYMENT_TARGET = 10.3;
				MTL_ENABLE_DEBUG_INFO = YES;
				ONLY_ACTIVE_ARCH = YES;
				SDKROOT = iphoneos;
				SWIFT_ACTIVE_COMPILATION_CONDITIONS = DEBUG;
				SWIFT_OPTIMIZATION_LEVEL = "-Onone";
				TARGETED_DEVICE_FAMILY = "1,2";
			};
			name = Debug;
		};
		C2529B981F38C272003C818C /* Release */ = {
			isa = XCBuildConfiguration;
			buildSettings = {
				ALWAYS_SEARCH_USER_PATHS = NO;
				CLANG_ANALYZER_NONNULL = YES;
				CLANG_ANALYZER_NUMBER_OBJECT_CONVERSION = YES_AGGRESSIVE;
				CLANG_CXX_LANGUAGE_STANDARD = "gnu++0x";
				CLANG_CXX_LIBRARY = "libc++";
				CLANG_ENABLE_MODULES = YES;
				CLANG_ENABLE_OBJC_ARC = YES;
				CLANG_WARN_BOOL_CONVERSION = YES;
				CLANG_WARN_CONSTANT_CONVERSION = YES;
				CLANG_WARN_DIRECT_OBJC_ISA_USAGE = YES_ERROR;
				CLANG_WARN_DOCUMENTATION_COMMENTS = YES;
				CLANG_WARN_EMPTY_BODY = YES;
				CLANG_WARN_ENUM_CONVERSION = YES;
				CLANG_WARN_INFINITE_RECURSION = YES;
				CLANG_WARN_INT_CONVERSION = YES;
				CLANG_WARN_OBJC_ROOT_CLASS = YES_ERROR;
				CLANG_WARN_SUSPICIOUS_MOVE = YES;
				CLANG_WARN_UNREACHABLE_CODE = YES;
				CLANG_WARN__DUPLICATE_METHOD_MATCH = YES;
				"CODE_SIGN_IDENTITY[sdk=iphoneos*]" = "iPhone Developer";
				COPY_PHASE_STRIP = NO;
				DEBUG_INFORMATION_FORMAT = "dwarf-with-dsym";
				ENABLE_NS_ASSERTIONS = NO;
				ENABLE_STRICT_OBJC_MSGSEND = YES;
				GCC_C_LANGUAGE_STANDARD = gnu99;
				GCC_NO_COMMON_BLOCKS = YES;
				GCC_WARN_64_TO_32_BIT_CONVERSION = YES;
				GCC_WARN_ABOUT_RETURN_TYPE = YES_ERROR;
				GCC_WARN_UNDECLARED_SELECTOR = YES;
				GCC_WARN_UNINITIALIZED_AUTOS = YES_AGGRESSIVE;
				GCC_WARN_UNUSED_FUNCTION = YES;
				GCC_WARN_UNUSED_VARIABLE = YES;
				IPHONEOS_DEPLOYMENT_TARGET = 10.3;
				MTL_ENABLE_DEBUG_INFO = NO;
				SDKROOT = iphoneos;
				SWIFT_OPTIMIZATION_LEVEL = "-Owholemodule";
				TARGETED_DEVICE_FAMILY = "1,2";
				VALIDATE_PRODUCT = YES;
			};
			name = Release;
		};
		C2529B9A1F38C272003C818C /* Debug */ = {
			isa = XCBuildConfiguration;
			buildSettings = {
				ASSETCATALOG_COMPILER_APPICON_NAME = AppIcon;
				DEVELOPMENT_TEAM = EMLQBUZ6B7;
				INFOPLIST_FILE = pokedex/Info.plist;
				LD_RUNPATH_SEARCH_PATHS = "$(inherited) @executable_path/Frameworks";
				PRODUCT_BUNDLE_IDENTIFIER = tech.orangebox.pokedex;
				PRODUCT_NAME = "$(TARGET_NAME)";
				SWIFT_VERSION = 3.0;
			};
			name = Debug;
		};
		C2529B9B1F38C272003C818C /* Release */ = {
			isa = XCBuildConfiguration;
			buildSettings = {
				ASSETCATALOG_COMPILER_APPICON_NAME = AppIcon;
				DEVELOPMENT_TEAM = EMLQBUZ6B7;
				INFOPLIST_FILE = pokedex/Info.plist;
				LD_RUNPATH_SEARCH_PATHS = "$(inherited) @executable_path/Frameworks";
				PRODUCT_BUNDLE_IDENTIFIER = tech.orangebox.pokedex;
				PRODUCT_NAME = "$(TARGET_NAME)";
				SWIFT_VERSION = 3.0;
			};
			name = Release;
		};
/* End XCBuildConfiguration section */

/* Begin XCConfigurationList section */
		C2529B821F38C272003C818C /* Build configuration list for PBXProject "pokedex" */ = {
			isa = XCConfigurationList;
			buildConfigurations = (
				C2529B971F38C272003C818C /* Debug */,
				C2529B981F38C272003C818C /* Release */,
			);
			defaultConfigurationIsVisible = 0;
			defaultConfigurationName = Release;
		};
		C2529B991F38C272003C818C /* Build configuration list for PBXNativeTarget "pokedex" */ = {
			isa = XCConfigurationList;
			buildConfigurations = (
				C2529B9A1F38C272003C818C /* Debug */,
				C2529B9B1F38C272003C818C /* Release */,
			);
			defaultConfigurationIsVisible = 0;
		};
/* End XCConfigurationList section */
	};
	rootObject = C2529B7F1F38C272003C818C /* Project object */;
}
